
Microsoft Visual Studio Solution File, Format Version 12.00
# Visual Studio Version 17
VisualStudioVersion = 17.4.33122.133
MinimumVisualStudioVersion = 10.0.40219.1
Project("{FAE04EC0-301F-11D3-BF4B-00C04F79EFBC}") = "SimplePushNotification", "SimplePushNotification\SimplePushNotification.csproj", "{EDBBDDC9-FB2F-4468-9B79-93A062BAD774}"
EndProject
Global
	GlobalSection(SolutionConfigurationPlatforms) = preSolution
		Debug|Any CPU = Debug|Any CPU
		Release|Any CPU = Release|Any CPU
	EndGlobalSection
	GlobalSection(ProjectConfigurationPlatforms) = postSolution
		{EDBBDDC9-FB2F-4468-9B79-93A062BAD774}.Debug|Any CPU.ActiveCfg = Debug|Any CPU
		{EDBBDDC9-FB2F-4468-9B79-93A062BAD774}.Debug|Any CPU.Build.0 = Debug|Any CPU
		{EDBBDDC9-FB2F-4468-9B79-93A062BAD774}.Release|Any CPU.ActiveCfg = Release|Any CPU
		{EDBBDDC9-FB2F-4468-9B79-93A062BAD774}.Release|Any CPU.Build.0 = Release|Any CPU
	EndGlobalSection
	GlobalSection(SolutionProperties) = preSolution
		HideSolutionNode = FALSE
	EndGlobalSection
	GlobalSection(ExtensibilityGlobals) = postSolution
		SolutionGuid = {D3561937-96CF-4381-9917-FD29B0A77E65}
	EndGlobalSection
EndGlobal
